
Microsoft Visual Studio Solution File, Format Version 12.00
# Visual Studio Version 17
VisualStudioVersion = 17.5.33627.172
MinimumVisualStudioVersion = 10.0.40219.1
Project("{FAE04EC0-301F-11D3-BF4B-00C04F79EFBC}") = "LinearEquationResolver", "LinearEquationResolver\LinearEquationResolver.csproj", "{D97CD904-9532-4139-8346-EB16F2FCD4EE}"
EndProject
Global
	GlobalSection(SolutionConfigurationPlatforms) = preSolution
		Debug|Any CPU = Debug|Any CPU
		Release|Any CPU = Release|Any CPU
	EndGlobalSection
	GlobalSection(ProjectConfigurationPlatforms) = postSolution
		{D97CD904-9532-4139-8346-EB16F2FCD4EE}.Debug|Any CPU.ActiveCfg = Debug|Any CPU
		{D97CD904-9532-4139-8346-EB16F2FCD4EE}.Debug|Any CPU.Build.0 = Debug|Any CPU
		{D97CD904-9532-4139-8346-EB16F2FCD4EE}.Release|Any CPU.ActiveCfg = Release|Any CPU
		{D97CD904-9532-4139-8346-EB16F2FCD4EE}.Release|Any CPU.Build.0 = Release|Any CPU
	EndGlobalSection
	GlobalSection(SolutionProperties) = preSolution
		HideSolutionNode = FALSE
	EndGlobalSection
	GlobalSection(ExtensibilityGlobals) = postSolution
		SolutionGuid = {E0C2980A-9838-457B-ADAA-41D6846416D3}
	EndGlobalSection
EndGlobal
